
Microsoft Visual Studio Solution File, Format Version 12.00
# Visual Studio Version 17
VisualStudioVersion = 17.13.35825.156 d17.13
MinimumVisualStudioVersion = 10.0.40219.1
Project("{FAE04EC0-301F-11D3-BF4B-00C04F79EFBC}") = "FormSubmission", "FormSubmission\FormSubmission.csproj", "{0EAA799D-7337-49FE-8652-C9BC0A6547FA}"
EndProject
Global
	GlobalSection(SolutionConfigurationPlatforms) = preSolution
		Debug|Any CPU = Debug|Any CPU
		Release|Any CPU = Release|Any CPU
	EndGlobalSection
	GlobalSection(ProjectConfigurationPlatforms) = postSolution
		{0EAA799D-7337-49FE-8652-C9BC0A6547FA}.Debug|Any CPU.ActiveCfg = Debug|Any CPU
		{0EAA799D-7337-49FE-8652-C9BC0A6547FA}.Debug|Any CPU.Build.0 = Debug|Any CPU
		{0EAA799D-7337-49FE-8652-C9BC0A6547FA}.Release|Any CPU.ActiveCfg = Release|Any CPU
		{0EAA799D-7337-49FE-8652-C9BC0A6547FA}.Release|Any CPU.Build.0 = Release|Any CPU
	EndGlobalSection
	GlobalSection(SolutionProperties) = preSolution
		HideSolutionNode = FALSE
	EndGlobalSection
	GlobalSection(ExtensibilityGlobals) = postSolution
		SolutionGuid = {5447D2F5-9B7C-46A4-8721-518950C8FA05}
	EndGlobalSection
EndGlobal
